{
  "name": "PROGRAMACIONWEB",
  "version": "1.0.0",
  "lockfileVersion": 3,
  "requires": true,
  "private": true,
  "packages": {},
  "browserslist": {
    "development": [
      "last 1 chrome version",
      "last 1 firefox version"
    ],
    "production": [
      ">0.2%",
      "not dead",
      "not op_mini all"
    ]
  },
  "scripts": {
    "build": "react-scripts build",
    "start": "react-scripts start"
  }
}
